# This file was autogenerated by Stack.
# You should not edit this file by hand.
# For more information, please see the documentation at:
#   https://docs.haskellstack.org/en/stable/lock_files

packages:
- completed:
    hackage: servant-elm-0.7.2@sha256:27e45a456ad56ba59502549a59ce66f7229a17bbce72c413cbf8615ed074d754,4579
    pantry-tree:
      size: 2081
      sha256: 4b10f1da950fea1a0bcaf74a9e68dc0a1c0136e8c09a136b9c3f6c89e09ad21a
  original:
    hackage: servant-elm-0.7.2
snapshots:
- completed:
    size: 585393
    url: https://raw.githubusercontent.com/commercialhaskell/stackage-snapshots/master/lts/18/0.yaml
    sha256: c632012da648385b9fa3c29f4e0afd56ead299f1c5528ee789058be410e883c0
  original: lts-18.0
